{
  "version": "5",
  "specifiers": {
    "npm:@types/node@*": "24.2.0"
  },
  "npm": {
    "@types/node@24.2.0": {
      "integrity": "sha512-3xyG3pMCq3oYCNg7/ZP+E1ooTaGB4cG8JWRsqqOYQdbWNY4zbaV0Ennrd7stjiJEFZCaybcIgpTjJWHRfBSIDw==",
      "dependencies": [
        "undici-types"
      ]
    },
    "undici-types@7.10.0": {
      "integrity": "sha512-t5Fy/nfn+14LuOc2KNYg75vZqClpAiqscVvMygNnlsHBFpSXdJaYtXMcdNLpl/Qvc3P2cB3s6lOV51nqsFq4ag=="
    }
  },
  "redirects": {
    "https://deno.land/x/deno_dom/deno-dom-wasm.ts": "https://deno.land/x/deno_dom@v0.1.56/deno-dom-wasm.ts",
    "https://esm.sh/@supabase/supabase-js@2": "https://esm.sh/@supabase/supabase-js@2.74.0",
    "https://esm.sh/tr46@~0.0.3?target=denonext": "https://esm.sh/tr46@0.0.3?target=denonext",
    "https://esm.sh/webidl-conversions@^3.0.0?target=denonext": "https://esm.sh/webidl-conversions@3.0.1?target=denonext",
    "https://esm.sh/whatwg-url@^5.0.0?target=denonext": "https://esm.sh/whatwg-url@5.0.0?target=denonext"
  },
  "remote": {
    "https://deno.land/std@0.177.0/async/abortable.ts": "73acfb3ed7261ce0d930dbe89e43db8d34e017b063cf0eaa7d215477bf53442e",
    "https://deno.land/std@0.177.0/async/deadline.ts": "c5facb0b404eede83e38bd2717ea8ab34faa2ffb20ef87fd261fcba32ba307aa",
    "https://deno.land/std@0.177.0/async/debounce.ts": "adab11d04ca38d699444ac8a9d9856b4155e8dda2afd07ce78276c01ea5a4332",
    "https://deno.land/std@0.177.0/async/deferred.ts": "42790112f36a75a57db4a96d33974a936deb7b04d25c6084a9fa8a49f135def8",
    "https://deno.land/std@0.177.0/async/delay.ts": "73aa04cec034c84fc748c7be49bb15cac3dd43a57174bfdb7a4aec22c248f0dd",
    "https://deno.land/std@0.177.0/async/mod.ts": "f04344fa21738e5ad6bea37a6bfffd57c617c2d372bb9f9dcfd118a1b622e576",
    "https://deno.land/std@0.177.0/async/mux_async_iterator.ts": "70c7f2ee4e9466161350473ad61cac0b9f115cff4c552eaa7ef9d50c4cbb4cc9",
    "https://deno.land/std@0.177.0/async/pool.ts": "fd082bd4aaf26445909889435a5c74334c017847842ec035739b4ae637ae8260",
    "https://deno.land/std@0.177.0/async/retry.ts": "5efa3ba450ac0c07a40a82e2df296287b5013755d232049efd7ea2244f15b20f",
    "https://deno.land/std@0.177.0/async/tee.ts": "47e42d35f622650b02234d43803d0383a89eb4387e1b83b5a40106d18ae36757",
    "https://deno.land/std@0.177.0/http/server.ts": "cbb17b594651215ba95c01a395700684e569c165a567e4e04bba327f41197433",
    "https://deno.land/x/deno_dom@v0.1.56/build/deno-wasm/deno-wasm-dynamic.js": "fd05e83a855aa68b09396dc47a7638ef526c39917971715ac37e0fc3227db886",
    "https://deno.land/x/deno_dom@v0.1.56/build/deno-wasm/deno-wasm.js": "ccde5219e42040b8f7a8b653acc6c8cca197c29f98d6b75f74c48111e34bcbea",
    "https://deno.land/x/deno_dom@v0.1.56/build/deno-wasm/deno-wasm_bg-wasm.js": "52c57905a74047d1574f0b96e301ef1d5974cd962705615555b5e46b5ac420e4",
    "https://deno.land/x/deno_dom@v0.1.56/build/deno-wasm/deno-wasm_bg.wasm": "b5fbd7ede316f7c13e4a7b927a053a35b475a9acce7c7cae864e91d9b8dd24c7",
    "https://deno.land/x/deno_dom@v0.1.56/build/deno-wasm/env.js": "17da784c11b192c591dbf7df21ec6f65f63f45ca9a713e4ca100f3c886b4023f",
    "https://deno.land/x/deno_dom@v0.1.56/build/deno-wasm/wbg.js": "b5b6de12bc010fa23438c8a8276067b9044a405da516d0bbe4ae61b7c6d61a22",
    "https://deno.land/x/deno_dom@v0.1.56/deno-dom-wasm.ts": "34f0654b452568fbd95b8d1b2a493de19710ac9ceeb6b82f541d09c29613572d",
    "https://deno.land/x/deno_dom@v0.1.56/src/api.ts": "0ff5790f0a3eeecb4e00b7d8fbfa319b165962cf6d0182a65ba90f158d74f7d7",
    "https://deno.land/x/deno_dom@v0.1.56/src/constructor-lock.ts": "0e7b297e8b9cf921a3b0d3a692ec5fb462c5afc47ec554292e20090b9e16b40a",
    "https://deno.land/x/deno_dom@v0.1.56/src/deserialize.ts": "514953418b7ae558ed7361ad9be21013f46cba2f58bd7f4acc90cf1e89f9c8cf",
    "https://deno.land/x/deno_dom@v0.1.56/src/dom/document-fragment.ts": "0b915d094830d43b330dc2fb8012b990f2c815773c6cdcd4a9fdff99fe47412e",
    "https://deno.land/x/deno_dom@v0.1.56/src/dom/document.ts": "ad584ac4ce6dce03f0ff6ef4b7db86fd598f9c7824da1387f7f2acd7d6948e4a",
    "https://deno.land/x/deno_dom@v0.1.56/src/dom/dom-parser.ts": "ab5e8382700bc3936ac67e8d11b7bb9c6999a994ac8b070b7cae94e2d2ecee5a",
    "https://deno.land/x/deno_dom@v0.1.56/src/dom/element.ts": "9726ebf139b97ae96671d38da720988cfd6481ff9068ba13f3b0d00e72f0c8c0",
    "https://deno.land/x/deno_dom@v0.1.56/src/dom/elements/html-template-element.ts": "1707dfb4cbb145f3bcb94426d7cdedbaa336620d0afed30e99f50fe87ba24a98",
    "https://deno.land/x/deno_dom@v0.1.56/src/dom/html-collection.ts": "dcf328e883877f7748d3e20fb6319e739f297a6e24f4b00ec5b1a2f390cfa3c6",
    "https://deno.land/x/deno_dom@v0.1.56/src/dom/node-list.ts": "be9793475d82539da8b97a17b6b5538cc723538c10cc5820a23e5e4b2248845d",
    "https://deno.land/x/deno_dom@v0.1.56/src/dom/node.ts": "53ada9e4b2ae21f10f5941ff257ed4585920ae392020544648f349c05d15d30c",
    "https://deno.land/x/deno_dom@v0.1.56/src/dom/selectors/custom-api.ts": "852696bd58e534bc41bd3be9e2250b60b67cd95fd28ed16b1deff1d548531a71",
    "https://deno.land/x/deno_dom@v0.1.56/src/dom/selectors/nwsapi-types.ts": "c43b36c36acc5d32caabaa54fda8c9d239b2b0fcbce9a28efb93c84aa1021698",
    "https://deno.land/x/deno_dom@v0.1.56/src/dom/selectors/nwsapi.js": "985d7d8fc1eabbb88946b47a1c44c1b2d4aa79ff23c21424219f1528fa27a2ff",
    "https://deno.land/x/deno_dom@v0.1.56/src/dom/selectors/selectors.ts": "83eab57be2290fb48e3130533448c93c6c61239f2a2f3b85f1917f80ca0fdc75",
    "https://deno.land/x/deno_dom@v0.1.56/src/dom/selectors/sizzle-types.ts": "78149e2502409989ce861ed636b813b059e16bc267bb543e7c2b26ef43e4798b",
    "https://deno.land/x/deno_dom@v0.1.56/src/dom/selectors/sizzle.js": "c3aed60c1045a106d8e546ac2f85cc82e65f62d9af2f8f515210b9212286682a",
    "https://deno.land/x/deno_dom@v0.1.56/src/dom/string-cache.ts": "8e935804f7bac244cc70cec90a28c9f6d30fea14c61c2c4ea48fca274376d786",
    "https://deno.land/x/deno_dom@v0.1.56/src/dom/utils-types.ts": "96db30e3e4a75b194201bb9fa30988215da7f91b380fca6a5143e51ece2a8436",
    "https://deno.land/x/deno_dom@v0.1.56/src/dom/utils.ts": "bc429635e9204051ba1ecc1b212031b5ee7c6bcd95120c91bef696804aa67e74",
    "https://deno.land/x/deno_dom@v0.1.56/src/parser.ts": "e06b2300d693e6ae7564e53dfa5c9a9e97fdb8c044c39c52c8b93b5d60860be3",
    "https://esm.sh/@supabase/auth-js@2.74.0/denonext/auth-js.mjs": "5ef233cafae311b3c27dd031ac0488eb11f66b74be4783a8816f6f3015e9d651",
    "https://esm.sh/@supabase/functions-js@2.74.0/denonext/functions-js.mjs": "50ac563699b94b2f953084f3b7f75cf744323d07a10e5c81f2922aa7c42240d9",
    "https://esm.sh/@supabase/node-fetch@2.6.15/denonext/node-fetch.mjs": "0bae9052231f4f6dbccc7234d05ea96923dbf967be12f402764580b6bf9f713d",
    "https://esm.sh/@supabase/postgrest-js@2.74.0/denonext/postgrest-js.mjs": "cbfcb533c2f4d55b7c923aaf369d0c86c9d6b03af1cdb181fc625f28af8edf65",
    "https://esm.sh/@supabase/realtime-js@2.74.0/denonext/realtime-js.mjs": "62187011a4d7fa4eaac7e0119e0bc48f1e5f72efcaf07c0ca33ec0aaaa0ead97",
    "https://esm.sh/@supabase/storage-js@2.74.0/denonext/storage-js.mjs": "7251f3df00c5c38b348a7ad6fa51983c55f5c8f099fa604a68195702cebcf2a2",
    "https://esm.sh/@supabase/supabase-js@2.74.0": "75871edbf5542b596fcb70bd14327c60864a5d88a2be39264f64cd304a5258fa",
    "https://esm.sh/@supabase/supabase-js@2.74.0/denonext/supabase-js.mjs": "12e521d8a761121ad23713c749c9e105daec10a4a49292511870615640ab98c3",
    "https://esm.sh/tr46@0.0.3/denonext/tr46.mjs": "5753ec0a99414f4055f0c1f97691100f13d88e48a8443b00aebb90a512785fa2",
    "https://esm.sh/tr46@0.0.3?target=denonext": "19cb9be0f0d418a0c3abb81f2df31f080e9540a04e43b0f699bce1149cba0cbb",
    "https://esm.sh/webidl-conversions@3.0.1/denonext/webidl-conversions.mjs": "54b5c2d50a294853c4ccebf9d5ed8988c94f4e24e463d84ec859a866ea5fafec",
    "https://esm.sh/webidl-conversions@3.0.1?target=denonext": "4e20318d50528084616c79d7b3f6e7f0fe7b6d09013bd01b3974d7448d767e29",
    "https://esm.sh/whatwg-url@5.0.0/denonext/whatwg-url.mjs": "29b16d74ee72624c915745bbd25b617cfd2248c6af0f5120d131e232a9a9af79",
    "https://esm.sh/whatwg-url@5.0.0?target=denonext": "f001a2cadf81312d214ca330033f474e74d81a003e21e8c5d70a1f46dc97b02d"
  }
}
